// !$*UTF8*$!
{
	archiveVersion = 1;
	classes = {
	};
	objectVersion = 50;
	objects = {

/* Begin PBXBuildFile section */
		C80A9F22246C51ED00890B79 /* CustomToolbar.swift in Sources */ = {isa = PBXBuildFile; fileRef = C80A9F21246C51ED00890B79 /* CustomToolbar.swift */; };
		C80CCB71240EA67200EE21A3 /* CalculationVC.swift in Sources */ = {isa = PBXBuildFile; fileRef = C80CCB70240EA67200EE21A3 /* CalculationVC.swift */; };
		C80CCB75240ED70700EE21A3 /* Model.swift in Sources */ = {isa = PBXBuildFile; fileRef = C80CCB74240ED70700EE21A3 /* Model.swift */; };
		C823BA37240E5C0200048111 /* RecipeItemVC.swift in Sources */ = {isa = PBXBuildFile; fileRef = C823BA36240E5C0200048111 /* RecipeItemVC.swift */; };
		C828466324769747007176D1 /* UIPageViewContoller.swift in Sources */ = {isa = PBXBuildFile; fileRef = C828466224769747007176D1 /* UIPageViewContoller.swift */; };
		C82A719C2476A14C00D4C352 /* Meal.swift in Sources */ = {isa = PBXBuildFile; fileRef = C82A719B2476A14C00D4C352 /* Meal.swift */; };
		C83683A324113A230075419F /* IngredientsVC.swift in Sources */ = {isa = PBXBuildFile; fileRef = C83683A224113A230075419F /* IngredientsVC.swift */; };
		C841569F242292C200C0B2A0 /* UITableView.swift in Sources */ = {isa = PBXBuildFile; fileRef = C841569E242292C200C0B2A0 /* UITableView.swift */; };
		C84989B8247BF30D00782F1E /* UITableViewCell.swift in Sources */ = {isa = PBXBuildFile; fileRef = C84989B7247BF30D00782F1E /* UITableViewCell.swift */; };
		C84989BA247BF76200782F1E /* DictionaryButton.swift in Sources */ = {isa = PBXBuildFile; fileRef = C84989B9247BF76200782F1E /* DictionaryButton.swift */; };
		C8527CE82433919A009D12DB /* MealCell.swift in Sources */ = {isa = PBXBuildFile; fileRef = C8527CE62433919A009D12DB /* MealCell.swift */; };
		C8527CE92433919A009D12DB /* MealCell.xib in Resources */ = {isa = PBXBuildFile; fileRef = C8527CE72433919A009D12DB /* MealCell.xib */; };
		C856EEFA240E79C200EB3586 /* Model.xcdatamodeld in Sources */ = {isa = PBXBuildFile; fileRef = C856EEF8240E79C200EB3586 /* Model.xcdatamodeld */; };
		C860A12C2477F1240003A28F /* AlertBuilder.swift in Sources */ = {isa = PBXBuildFile; fileRef = C860A12B2477F1240003A28F /* AlertBuilder.swift */; };
		C8732FAF24183948009776C0 /* KitchenWareDetailVC.swift in Sources */ = {isa = PBXBuildFile; fileRef = C8732FAE24183948009776C0 /* KitchenWareDetailVC.swift */; };
		C8754C59240FA3050099EDAF /* CustomTextField.swift in Sources */ = {isa = PBXBuildFile; fileRef = C8754C58240FA3050099EDAF /* CustomTextField.swift */; };
		C879248E24768809005838CA /* WeightVC.swift in Sources */ = {isa = PBXBuildFile; fileRef = C879248D24768809005838CA /* WeightVC.swift */; };
		C8827A4B2456DB49003EA583 /* RecipeItemCell.swift in Sources */ = {isa = PBXBuildFile; fileRef = C8827A492456DB49003EA583 /* RecipeItemCell.swift */; };
		C8827A4C2456DB49003EA583 /* RecipeItemCell.xib in Resources */ = {isa = PBXBuildFile; fileRef = C8827A4A2456DB49003EA583 /* RecipeItemCell.xib */; };
		C89D8C93248A3EA4002430A4 /* Settings.swift in Sources */ = {isa = PBXBuildFile; fileRef = C89D8C92248A3EA4002430A4 /* Settings.swift */; };
		C89D8CA3248A73DF002430A4 /* Localizable.strings in Resources */ = {isa = PBXBuildFile; fileRef = C89D8CA5248A73DF002430A4 /* Localizable.strings */; };
		C8B6ECE324659BFC002B3ECB /* TarePickerVC.swift in Sources */ = {isa = PBXBuildFile; fileRef = C8B6ECE224659BFC002B3ECB /* TarePickerVC.swift */; };
		C8B6ECE52465AC7F002B3ECB /* BeforeAfterVC.swift in Sources */ = {isa = PBXBuildFile; fileRef = C8B6ECE42465AC7F002B3ECB /* BeforeAfterVC.swift */; };
		C8C3A17B240E70170031F16A /* MealsVC.swift in Sources */ = {isa = PBXBuildFile; fileRef = C8C3A17A240E70170031F16A /* MealsVC.swift */; };
		C8CCD8CD23FFD7C50061B3F3 /* AppDelegate.swift in Sources */ = {isa = PBXBuildFile; fileRef = C8CCD8CC23FFD7C50061B3F3 /* AppDelegate.swift */; };
		C8CCD8CF23FFD7C50061B3F3 /* SceneDelegate.swift in Sources */ = {isa = PBXBuildFile; fileRef = C8CCD8CE23FFD7C50061B3F3 /* SceneDelegate.swift */; };
		C8CCD8D123FFD7C50061B3F3 /* RecipeVC.swift in Sources */ = {isa = PBXBuildFile; fileRef = C8CCD8D023FFD7C50061B3F3 /* RecipeVC.swift */; };
		C8CCD8D423FFD7C50061B3F3 /* Main.storyboard in Resources */ = {isa = PBXBuildFile; fileRef = C8CCD8D223FFD7C50061B3F3 /* Main.storyboard */; };
		C8CCD8D623FFD7C60061B3F3 /* Assets.xcassets in Resources */ = {isa = PBXBuildFile; fileRef = C8CCD8D523FFD7C60061B3F3 /* Assets.xcassets */; };
		C8CCD8D923FFD7C60061B3F3 /* LaunchScreen.storyboard in Resources */ = {isa = PBXBuildFile; fileRef = C8CCD8D723FFD7C60061B3F3 /* LaunchScreen.storyboard */; };
		C8D38ADC2411464C0012EB03 /* KitchenWareController.swift in Sources */ = {isa = PBXBuildFile; fileRef = C8D38ADB2411464C0012EB03 /* KitchenWareController.swift */; };
		C8D38AE1241152D70012EB03 /* KitchenWareCell.swift in Sources */ = {isa = PBXBuildFile; fileRef = C8D38ADF241152D70012EB03 /* KitchenWareCell.swift */; };
		C8D38AE2241152D70012EB03 /* KitchenWareCell.xib in Resources */ = {isa = PBXBuildFile; fileRef = C8D38AE0241152D70012EB03 /* KitchenWareCell.xib */; };
		C8D5AA9E244074D0009DBD58 /* FitCookTests.swift in Sources */ = {isa = PBXBuildFile; fileRef = C8D5AA9D244074D0009DBD58 /* FitCookTests.swift */; };
		C8ECDE49246DB59100FA420E /* RecipePageVC.swift in Sources */ = {isa = PBXBuildFile; fileRef = C8ECDE48246DB59100FA420E /* RecipePageVC.swift */; };
		C8F3394A247C380A006DB4E0 /* AddMealButton.swift in Sources */ = {isa = PBXBuildFile; fileRef = C8F33949247C380A006DB4E0 /* AddMealButton.swift */; };
		C8FE2AEF2412F1B7004A15CF /* CoreDataHelper.swift in Sources */ = {isa = PBXBuildFile; fileRef = C8FE2AEE2412F1B7004A15CF /* CoreDataHelper.swift */; };
/* End PBXBuildFile section */

/* Begin PBXContainerItemProxy section */
		C8D5AAA0244074D0009DBD58 /* PBXContainerItemProxy */ = {
			isa = PBXContainerItemProxy;
			containerPortal = C8CCD8C123FFD7C50061B3F3 /* Project object */;
			proxyType = 1;
			remoteGlobalIDString = C8CCD8C823FFD7C50061B3F3;
			remoteInfo = FitCook;
		};
/* End PBXContainerItemProxy section */

/* Begin PBXFileReference section */
		C80A9F21246C51ED00890B79 /* CustomToolbar.swift */ = {isa = PBXFileReference; lastKnownFileType = sourcecode.swift; path = CustomToolbar.swift; sourceTree = "<group>"; };
		C80CCB70240EA67200EE21A3 /* CalculationVC.swift */ = {isa = PBXFileReference; lastKnownFileType = sourcecode.swift; path = CalculationVC.swift; sourceTree = "<group>"; };
		C80CCB74240ED70700EE21A3 /* Model.swift */ = {isa = PBXFileReference; lastKnownFileType = sourcecode.swift; path = Model.swift; sourceTree = "<group>"; };
		C823BA36240E5C0200048111 /* RecipeItemVC.swift */ = {isa = PBXFileReference; lastKnownFileType = sourcecode.swift; path = RecipeItemVC.swift; sourceTree = "<group>"; };
		C828466224769747007176D1 /* UIPageViewContoller.swift */ = {isa = PBXFileReference; lastKnownFileType = sourcecode.swift; path = UIPageViewContoller.swift; sourceTree = "<group>"; };
		C82A719B2476A14C00D4C352 /* Meal.swift */ = {isa = PBXFileReference; lastKnownFileType = sourcecode.swift; path = Meal.swift; sourceTree = "<group>"; };
		C83683A224113A230075419F /* IngredientsVC.swift */ = {isa = PBXFileReference; lastKnownFileType = sourcecode.swift; path = IngredientsVC.swift; sourceTree = "<group>"; };
		C841569E242292C200C0B2A0 /* UITableView.swift */ = {isa = PBXFileReference; lastKnownFileType = sourcecode.swift; path = UITableView.swift; sourceTree = "<group>"; };
		C84989B7247BF30D00782F1E /* UITableViewCell.swift */ = {isa = PBXFileReference; lastKnownFileType = sourcecode.swift; path = UITableViewCell.swift; sourceTree = "<group>"; };
		C84989B9247BF76200782F1E /* DictionaryButton.swift */ = {isa = PBXFileReference; lastKnownFileType = sourcecode.swift; path = DictionaryButton.swift; sourceTree = "<group>"; };
		C8527CE62433919A009D12DB /* MealCell.swift */ = {isa = PBXFileReference; lastKnownFileType = sourcecode.swift; path = MealCell.swift; sourceTree = "<group>"; };
		C8527CE72433919A009D12DB /* MealCell.xib */ = {isa = PBXFileReference; lastKnownFileType = file.xib; path = MealCell.xib; sourceTree = "<group>"; };
		C856EEF9240E79C200EB3586 /* Model.xcdatamodel */ = {isa = PBXFileReference; lastKnownFileType = wrapper.xcdatamodel; path = Model.xcdatamodel; sourceTree = "<group>"; };
		C860A12B2477F1240003A28F /* AlertBuilder.swift */ = {isa = PBXFileReference; lastKnownFileType = sourcecode.swift; path = AlertBuilder.swift; sourceTree = "<group>"; };
		C8732FAE24183948009776C0 /* KitchenWareDetailVC.swift */ = {isa = PBXFileReference; lastKnownFileType = sourcecode.swift; path = KitchenWareDetailVC.swift; sourceTree = "<group>"; };
		C8754C58240FA3050099EDAF /* CustomTextField.swift */ = {isa = PBXFileReference; lastKnownFileType = sourcecode.swift; path = CustomTextField.swift; sourceTree = "<group>"; };
		C879248D24768809005838CA /* WeightVC.swift */ = {isa = PBXFileReference; lastKnownFileType = sourcecode.swift; path = WeightVC.swift; sourceTree = "<group>"; };
		C8827A492456DB49003EA583 /* RecipeItemCell.swift */ = {isa = PBXFileReference; lastKnownFileType = sourcecode.swift; path = RecipeItemCell.swift; sourceTree = "<group>"; };
		C8827A4A2456DB49003EA583 /* RecipeItemCell.xib */ = {isa = PBXFileReference; lastKnownFileType = file.xib; path = RecipeItemCell.xib; sourceTree = "<group>"; };
		C89D8C92248A3EA4002430A4 /* Settings.swift */ = {isa = PBXFileReference; lastKnownFileType = sourcecode.swift; path = Settings.swift; sourceTree = "<group>"; };
		C89D8C94248A424E002430A4 /* ru */ = {isa = PBXFileReference; lastKnownFileType = text.plist.strings; name = ru; path = ru.lproj/Main.strings; sourceTree = "<group>"; };
		C89D8C95248A424F002430A4 /* ru */ = {isa = PBXFileReference; lastKnownFileType = text.plist.strings; name = ru; path = ru.lproj/LaunchScreen.strings; sourceTree = "<group>"; };
		C89D8CA4248A73DF002430A4 /* en */ = {isa = PBXFileReference; lastKnownFileType = text.plist.strings; name = en; path = en.lproj/Localizable.strings; sourceTree = "<group>"; };
		C89D8CA6248A73E1002430A4 /* ru */ = {isa = PBXFileReference; lastKnownFileType = text.plist.strings; name = ru; path = ru.lproj/Localizable.strings; sourceTree = "<group>"; };
		C8B6ECE224659BFC002B3ECB /* TarePickerVC.swift */ = {isa = PBXFileReference; lastKnownFileType = sourcecode.swift; path = TarePickerVC.swift; sourceTree = "<group>"; };
		C8B6ECE42465AC7F002B3ECB /* BeforeAfterVC.swift */ = {isa = PBXFileReference; lastKnownFileType = sourcecode.swift; path = BeforeAfterVC.swift; sourceTree = "<group>"; };
		C8C3A17A240E70170031F16A /* MealsVC.swift */ = {isa = PBXFileReference; lastKnownFileType = sourcecode.swift; path = MealsVC.swift; sourceTree = "<group>"; };
		C8CCD8C923FFD7C50061B3F3 /* FitCook.app */ = {isa = PBXFileReference; explicitFileType = wrapper.application; includeInIndex = 0; path = FitCook.app; sourceTree = BUILT_PRODUCTS_DIR; };
		C8CCD8CC23FFD7C50061B3F3 /* AppDelegate.swift */ = {isa = PBXFileReference; lastKnownFileType = sourcecode.swift; path = AppDelegate.swift; sourceTree = "<group>"; };
		C8CCD8CE23FFD7C50061B3F3 /* SceneDelegate.swift */ = {isa = PBXFileReference; lastKnownFileType = sourcecode.swift; path = SceneDelegate.swift; sourceTree = "<group>"; };
		C8CCD8D023FFD7C50061B3F3 /* RecipeVC.swift */ = {isa = PBXFileReference; lastKnownFileType = sourcecode.swift; path = RecipeVC.swift; sourceTree = "<group>"; };
		C8CCD8D323FFD7C50061B3F3 /* Base */ = {isa = PBXFileReference; lastKnownFileType = file.storyboard; name = Base; path = Base.lproj/Main.storyboard; sourceTree = "<group>"; };
		C8CCD8D523FFD7C60061B3F3 /* Assets.xcassets */ = {isa = PBXFileReference; lastKnownFileType = folder.assetcatalog; path = Assets.xcassets; sourceTree = "<group>"; };
		C8CCD8D823FFD7C60061B3F3 /* Base */ = {isa = PBXFileReference; lastKnownFileType = file.storyboard; name = Base; path = Base.lproj/LaunchScreen.storyboard; sourceTree = "<group>"; };
		C8CCD8DA23FFD7C60061B3F3 /* Info.plist */ = {isa = PBXFileReference; lastKnownFileType = text.plist.xml; path = Info.plist; sourceTree = "<group>"; };
		C8D38ADB2411464C0012EB03 /* KitchenWareController.swift */ = {isa = PBXFileReference; lastKnownFileType = sourcecode.swift; path = KitchenWareController.swift; sourceTree = "<group>"; };
		C8D38ADF241152D70012EB03 /* KitchenWareCell.swift */ = {isa = PBXFileReference; lastKnownFileType = sourcecode.swift; path = KitchenWareCell.swift; sourceTree = "<group>"; };
		C8D38AE0241152D70012EB03 /* KitchenWareCell.xib */ = {isa = PBXFileReference; lastKnownFileType = file.xib; path = KitchenWareCell.xib; sourceTree = "<group>"; };
		C8D5AA9B244074D0009DBD58 /* FitCookTests.xctest */ = {isa = PBXFileReference; explicitFileType = wrapper.cfbundle; includeInIndex = 0; path = FitCookTests.xctest; sourceTree = BUILT_PRODUCTS_DIR; };
		C8D5AA9D244074D0009DBD58 /* FitCookTests.swift */ = {isa = PBXFileReference; lastKnownFileType = sourcecode.swift; path = FitCookTests.swift; sourceTree = "<group>"; };
		C8D5AA9F244074D0009DBD58 /* Info.plist */ = {isa = PBXFileReference; lastKnownFileType = text.plist.xml; path = Info.plist; sourceTree = "<group>"; };
		C8ECDE48246DB59100FA420E /* RecipePageVC.swift */ = {isa = PBXFileReference; lastKnownFileType = sourcecode.swift; path = RecipePageVC.swift; sourceTree = "<group>"; };
		C8F33949247C380A006DB4E0 /* AddMealButton.swift */ = {isa = PBXFileReference; lastKnownFileType = sourcecode.swift; path = AddMealButton.swift; sourceTree = "<group>"; };
		C8FE2AEE2412F1B7004A15CF /* CoreDataHelper.swift */ = {isa = PBXFileReference; lastKnownFileType = sourcecode.swift; path = CoreDataHelper.swift; sourceTree = "<group>"; };
/* End PBXFileReference section */

/* Begin PBXFrameworksBuildPhase section */
		C8CCD8C623FFD7C50061B3F3 /* Frameworks */ = {
			isa = PBXFrameworksBuildPhase;
			buildActionMask = 2147483647;
			files = (
			);
			runOnlyForDeploymentPostprocessing = 0;
		};
		C8D5AA98244074D0009DBD58 /* Frameworks */ = {
			isa = PBXFrameworksBuildPhase;
			buildActionMask = 2147483647;
			files = (
			);
			runOnlyForDeploymentPostprocessing = 0;
		};
/* End PBXFrameworksBuildPhase section */

/* Begin PBXGroup section */
		C823BA38240E5C1700048111 /* Controllers */ = {
			isa = PBXGroup;
			children = (
				C89BDB1A2420E61F002D5E36 /* Helpers */,
				C89BDB1B2420E62F002D5E36 /* Meals */,
				C89BDB192420E60B002D5E36 /* Ingredients */,
				C89BDB182420E5F9002D5E36 /* KitchenWare */,
			);
			path = Controllers;
			sourceTree = "<group>";
		};
		C823BA39240E5C5000048111 /* Model */ = {
			isa = PBXGroup;
			children = (
				C856EEF8240E79C200EB3586 /* Model.xcdatamodeld */,
				C80CCB74240ED70700EE21A3 /* Model.swift */,
				C82A719B2476A14C00D4C352 /* Meal.swift */,
				C8FE2AEE2412F1B7004A15CF /* CoreDataHelper.swift */,
			);
			path = Model;
			sourceTree = "<group>";
		};
		C84156A0242292CD00C0B2A0 /* Extensions */ = {
			isa = PBXGroup;
			children = (
				C841569E242292C200C0B2A0 /* UITableView.swift */,
				C828466224769747007176D1 /* UIPageViewContoller.swift */,
				C84989B7247BF30D00782F1E /* UITableViewCell.swift */,
			);
			path = Extensions;
			sourceTree = "<group>";
		};
		C89BDB182420E5F9002D5E36 /* KitchenWare */ = {
			isa = PBXGroup;
			children = (
				C8D38ADB2411464C0012EB03 /* KitchenWareController.swift */,
				C8732FAE24183948009776C0 /* KitchenWareDetailVC.swift */,
				C8D38ADF241152D70012EB03 /* KitchenWareCell.swift */,
			);
			path = KitchenWare;
			sourceTree = "<group>";
		};
		C89BDB192420E60B002D5E36 /* Ingredients */ = {
			isa = PBXGroup;
			children = (
				C83683A224113A230075419F /* IngredientsVC.swift */,
			);
			path = Ingredients;
			sourceTree = "<group>";
		};
		C89BDB1A2420E61F002D5E36 /* Helpers */ = {
			isa = PBXGroup;
			children = (
				C8754C58240FA3050099EDAF /* CustomTextField.swift */,
				C80A9F21246C51ED00890B79 /* CustomToolbar.swift */,
				C860A12B2477F1240003A28F /* AlertBuilder.swift */,
			);
			path = Helpers;
			sourceTree = "<group>";
		};
		C89BDB1B2420E62F002D5E36 /* Meals */ = {
			isa = PBXGroup;
			children = (
				C8C3A17A240E70170031F16A /* MealsVC.swift */,
				C8CCD8D023FFD7C50061B3F3 /* RecipeVC.swift */,
				C823BA36240E5C0200048111 /* RecipeItemVC.swift */,
				C8ECDE48246DB59100FA420E /* RecipePageVC.swift */,
				C80CCB70240EA67200EE21A3 /* CalculationVC.swift */,
				C8827A492456DB49003EA583 /* RecipeItemCell.swift */,
				C8527CE62433919A009D12DB /* MealCell.swift */,
				C89BDB26242135FC002D5E36 /* Weight */,
			);
			path = Meals;
			sourceTree = "<group>";
		};
		C89BDB26242135FC002D5E36 /* Weight */ = {
			isa = PBXGroup;
			children = (
				C879248D24768809005838CA /* WeightVC.swift */,
				C8B6ECE42465AC7F002B3ECB /* BeforeAfterVC.swift */,
				C8B6ECE224659BFC002B3ECB /* TarePickerVC.swift */,
			);
			path = Weight;
			sourceTree = "<group>";
		};
		C8C3A179240E6FDE0031F16A /* Views */ = {
			isa = PBXGroup;
			children = (
				C8D38AE0241152D70012EB03 /* KitchenWareCell.xib */,
				C84989B9247BF76200782F1E /* DictionaryButton.swift */,
				C8F33949247C380A006DB4E0 /* AddMealButton.swift */,
				C8CCD8D223FFD7C50061B3F3 /* Main.storyboard */,
				C8527CE72433919A009D12DB /* MealCell.xib */,
				C8827A4A2456DB49003EA583 /* RecipeItemCell.xib */,
				C8CCD8D723FFD7C60061B3F3 /* LaunchScreen.storyboard */,
			);
			path = Views;
			sourceTree = "<group>";
		};
		C8CCD8C023FFD7C50061B3F3 = {
			isa = PBXGroup;
			children = (
				C8CCD8CB23FFD7C50061B3F3 /* FitCook */,
				C8D5AA9C244074D0009DBD58 /* FitCookTests */,
				C8CCD8CA23FFD7C50061B3F3 /* Products */,
			);
			sourceTree = "<group>";
		};
		C8CCD8CA23FFD7C50061B3F3 /* Products */ = {
			isa = PBXGroup;
			children = (
				C8CCD8C923FFD7C50061B3F3 /* FitCook.app */,
				C8D5AA9B244074D0009DBD58 /* FitCookTests.xctest */,
			);
			name = Products;
			sourceTree = "<group>";
		};
		C8CCD8CB23FFD7C50061B3F3 /* FitCook */ = {
			isa = PBXGroup;
			children = (
				C89D8CA5248A73DF002430A4 /* Localizable.strings */,
				C8CCD8CC23FFD7C50061B3F3 /* AppDelegate.swift */,
				C8CCD8CE23FFD7C50061B3F3 /* SceneDelegate.swift */,
				C89D8C92248A3EA4002430A4 /* Settings.swift */,
				C84156A0242292CD00C0B2A0 /* Extensions */,
				C823BA38240E5C1700048111 /* Controllers */,
				C823BA39240E5C5000048111 /* Model */,
				C8C3A179240E6FDE0031F16A /* Views */,
				C8CCD8D523FFD7C60061B3F3 /* Assets.xcassets */,
				C8CCD8DA23FFD7C60061B3F3 /* Info.plist */,
			);
			path = FitCook;
			sourceTree = "<group>";
		};
		C8D5AA9C244074D0009DBD58 /* FitCookTests */ = {
			isa = PBXGroup;
			children = (
				C8D5AA9D244074D0009DBD58 /* FitCookTests.swift */,
				C8D5AA9F244074D0009DBD58 /* Info.plist */,
			);
			path = FitCookTests;
			sourceTree = "<group>";
		};
/* End PBXGroup section */

/* Begin PBXNativeTarget section */
		C8CCD8C823FFD7C50061B3F3 /* FitCook */ = {
			isa = PBXNativeTarget;
			buildConfigurationList = C8CCD8DD23FFD7C60061B3F3 /* Build configuration list for PBXNativeTarget "FitCook" */;
			buildPhases = (
				C8CCD8C523FFD7C50061B3F3 /* Sources */,
				C8CCD8C623FFD7C50061B3F3 /* Frameworks */,
				C8CCD8C723FFD7C50061B3F3 /* Resources */,
			);
			buildRules = (
			);
			dependencies = (
			);
			name = FitCook;
			packageProductDependencies = (
			);
			productName = FitCook;
			productReference = C8CCD8C923FFD7C50061B3F3 /* FitCook.app */;
			productType = "com.apple.product-type.application";
		};
		C8D5AA9A244074D0009DBD58 /* FitCookTests */ = {
			isa = PBXNativeTarget;
			buildConfigurationList = C8D5AAA4244074D0009DBD58 /* Build configuration list for PBXNativeTarget "FitCookTests" */;
			buildPhases = (
				C8D5AA97244074D0009DBD58 /* Sources */,
				C8D5AA98244074D0009DBD58 /* Frameworks */,
				C8D5AA99244074D0009DBD58 /* Resources */,
			);
			buildRules = (
			);
			dependencies = (
				C8D5AAA1244074D0009DBD58 /* PBXTargetDependency */,
			);
			name = FitCookTests;
			productName = FitCookTests;
			productReference = C8D5AA9B244074D0009DBD58 /* FitCookTests.xctest */;
			productType = "com.apple.product-type.bundle.unit-test";
		};
/* End PBXNativeTarget section */

/* Begin PBXProject section */
		C8CCD8C123FFD7C50061B3F3 /* Project object */ = {
			isa = PBXProject;
			attributes = {
				LastSwiftUpdateCheck = 1140;
				LastUpgradeCheck = 1130;
				ORGANIZATIONNAME = "Timur Dolotkazin";
				TargetAttributes = {
					C8CCD8C823FFD7C50061B3F3 = {
						CreatedOnToolsVersion = 11.3.1;
					};
					C8D5AA9A244074D0009DBD58 = {
						CreatedOnToolsVersion = 11.4;
						TestTargetID = C8CCD8C823FFD7C50061B3F3;
					};
				};
			};
			buildConfigurationList = C8CCD8C423FFD7C50061B3F3 /* Build configuration list for PBXProject "FitCook" */;
			compatibilityVersion = "Xcode 9.3";
			developmentRegion = en;
			hasScannedForEncodings = 0;
			knownRegions = (
				en,
				Base,
				ru,
			);
			mainGroup = C8CCD8C023FFD7C50061B3F3;
			packageReferences = (
			);
			productRefGroup = C8CCD8CA23FFD7C50061B3F3 /* Products */;
			projectDirPath = "";
			projectRoot = "";
			targets = (
				C8CCD8C823FFD7C50061B3F3 /* FitCook */,
				C8D5AA9A244074D0009DBD58 /* FitCookTests */,
			);
		};
/* End PBXProject section */

/* Begin PBXResourcesBuildPhase section */
		C8CCD8C723FFD7C50061B3F3 /* Resources */ = {
			isa = PBXResourcesBuildPhase;
			buildActionMask = 2147483647;
			files = (
				C8CCD8D923FFD7C60061B3F3 /* LaunchScreen.storyboard in Resources */,
				C8D38AE2241152D70012EB03 /* KitchenWareCell.xib in Resources */,
				C8827A4C2456DB49003EA583 /* RecipeItemCell.xib in Resources */,
				C89D8CA3248A73DF002430A4 /* Localizable.strings in Resources */,
				C8527CE92433919A009D12DB /* MealCell.xib in Resources */,
				C8CCD8D623FFD7C60061B3F3 /* Assets.xcassets in Resources */,
				C8CCD8D423FFD7C50061B3F3 /* Main.storyboard in Resources */,
			);
			runOnlyForDeploymentPostprocessing = 0;
		};
		C8D5AA99244074D0009DBD58 /* Resources */ = {
			isa = PBXResourcesBuildPhase;
			buildActionMask = 2147483647;
			files = (
			);
			runOnlyForDeploymentPostprocessing = 0;
		};
/* End PBXResourcesBuildPhase section */

/* Begin PBXSourcesBuildPhase section */
		C8CCD8C523FFD7C50061B3F3 /* Sources */ = {
			isa = PBXSourcesBuildPhase;
			buildActionMask = 2147483647;
			files = (
				C89D8C93248A3EA4002430A4 /* Settings.swift in Sources */,
				C80CCB75240ED70700EE21A3 /* Model.swift in Sources */,
				C80CCB71240EA67200EE21A3 /* CalculationVC.swift in Sources */,
				C82A719C2476A14C00D4C352 /* Meal.swift in Sources */,
				C8B6ECE52465AC7F002B3ECB /* BeforeAfterVC.swift in Sources */,
				C8D38ADC2411464C0012EB03 /* KitchenWareController.swift in Sources */,
				C828466324769747007176D1 /* UIPageViewContoller.swift in Sources */,
				C841569F242292C200C0B2A0 /* UITableView.swift in Sources */,
				C823BA37240E5C0200048111 /* RecipeItemVC.swift in Sources */,
				C860A12C2477F1240003A28F /* AlertBuilder.swift in Sources */,
				C84989BA247BF76200782F1E /* DictionaryButton.swift in Sources */,
				C8F3394A247C380A006DB4E0 /* AddMealButton.swift in Sources */,
				C8754C59240FA3050099EDAF /* CustomTextField.swift in Sources */,
				C8D38AE1241152D70012EB03 /* KitchenWareCell.swift in Sources */,
				C8827A4B2456DB49003EA583 /* RecipeItemCell.swift in Sources */,
				C879248E24768809005838CA /* WeightVC.swift in Sources */,
				C83683A324113A230075419F /* IngredientsVC.swift in Sources */,
				C8CCD8D123FFD7C50061B3F3 /* RecipeVC.swift in Sources */,
				C856EEFA240E79C200EB3586 /* Model.xcdatamodeld in Sources */,
				C8ECDE49246DB59100FA420E /* RecipePageVC.swift in Sources */,
				C8FE2AEF2412F1B7004A15CF /* CoreDataHelper.swift in Sources */,
				C8527CE82433919A009D12DB /* MealCell.swift in Sources */,
				C8C3A17B240E70170031F16A /* MealsVC.swift in Sources */,
				C80A9F22246C51ED00890B79 /* CustomToolbar.swift in Sources */,
				C8CCD8CD23FFD7C50061B3F3 /* AppDelegate.swift in Sources */,
				C8CCD8CF23FFD7C50061B3F3 /* SceneDelegate.swift in Sources */,
				C8732FAF24183948009776C0 /* KitchenWareDetailVC.swift in Sources */,
				C8B6ECE324659BFC002B3ECB /* TarePickerVC.swift in Sources */,
				C84989B8247BF30D00782F1E /* UITableViewCell.swift in Sources */,
			);
			runOnlyForDeploymentPostprocessing = 0;
		};
		C8D5AA97244074D0009DBD58 /* Sources */ = {
			isa = PBXSourcesBuildPhase;
			buildActionMask = 2147483647;
			files = (
				C8D5AA9E244074D0009DBD58 /* FitCookTests.swift in Sources */,
			);
			runOnlyForDeploymentPostprocessing = 0;
		};
/* End PBXSourcesBuildPhase section */

/* Begin PBXTargetDependency section */
		C8D5AAA1244074D0009DBD58 /* PBXTargetDependency */ = {
			isa = PBXTargetDependency;
			target = C8CCD8C823FFD7C50061B3F3 /* FitCook */;
			targetProxy = C8D5AAA0244074D0009DBD58 /* PBXContainerItemProxy */;
		};
/* End PBXTargetDependency section */

/* Begin PBXVariantGroup section */
		C89D8CA5248A73DF002430A4 /* Localizable.strings */ = {
			isa = PBXVariantGroup;
			children = (
				C89D8CA4248A73DF002430A4 /* en */,
				C89D8CA6248A73E1002430A4 /* ru */,
			);
			name = Localizable.strings;
			sourceTree = "<group>";
		};
		C8CCD8D223FFD7C50061B3F3 /* Main.storyboard */ = {
			isa = PBXVariantGroup;
			children = (
				C8CCD8D323FFD7C50061B3F3 /* Base */,
				C89D8C94248A424E002430A4 /* ru */,
			);
			name = Main.storyboard;
			sourceTree = "<group>";
		};
		C8CCD8D723FFD7C60061B3F3 /* LaunchScreen.storyboard */ = {
			isa = PBXVariantGroup;
			children = (
				C8CCD8D823FFD7C60061B3F3 /* Base */,
				C89D8C95248A424F002430A4 /* ru */,
			);
			name = LaunchScreen.storyboard;
			sourceTree = "<group>";
		};
/* End PBXVariantGroup section */

/* Begin XCBuildConfiguration section */
		C8CCD8DB23FFD7C60061B3F3 /* Debug */ = {
			isa = XCBuildConfiguration;
			buildSettings = {
				ALWAYS_SEARCH_USER_PATHS = NO;
				CLANG_ANALYZER_LOCALIZABILITY_NONLOCALIZED = YES;
				CLANG_ANALYZER_NONNULL = YES;
				CLANG_ANALYZER_NUMBER_OBJECT_CONVERSION = YES_AGGRESSIVE;
				CLANG_CXX_LANGUAGE_STANDARD = "gnu++14";
				CLANG_CXX_LIBRARY = "libc++";
				CLANG_ENABLE_MODULES = YES;
				CLANG_ENABLE_OBJC_ARC = YES;
				CLANG_ENABLE_OBJC_WEAK = YES;
				CLANG_WARN_BLOCK_CAPTURE_AUTORELEASING = YES;
				CLANG_WARN_BOOL_CONVERSION = YES;
				CLANG_WARN_COMMA = YES;
				CLANG_WARN_CONSTANT_CONVERSION = YES;
				CLANG_WARN_DEPRECATED_OBJC_IMPLEMENTATIONS = YES;
				CLANG_WARN_DIRECT_OBJC_ISA_USAGE = YES_ERROR;
				CLANG_WARN_DOCUMENTATION_COMMENTS = YES;
				CLANG_WARN_EMPTY_BODY = YES;
				CLANG_WARN_ENUM_CONVERSION = YES;
				CLANG_WARN_INFINITE_RECURSION = YES;
				CLANG_WARN_INT_CONVERSION = YES;
				CLANG_WARN_NON_LITERAL_NULL_CONVERSION = YES;
				CLANG_WARN_OBJC_IMPLICIT_RETAIN_SELF = YES;
				CLANG_WARN_OBJC_LITERAL_CONVERSION = YES;
				CLANG_WARN_OBJC_ROOT_CLASS = YES_ERROR;
				CLANG_WARN_RANGE_LOOP_ANALYSIS = YES;
				CLANG_WARN_STRICT_PROTOTYPES = YES;
				CLANG_WARN_SUSPICIOUS_MOVE = YES;
				CLANG_WARN_UNGUARDED_AVAILABILITY = YES_AGGRESSIVE;
				CLANG_WARN_UNREACHABLE_CODE = YES;
				CLANG_WARN__DUPLICATE_METHOD_MATCH = YES;
				COPY_PHASE_STRIP = NO;
				DEBUG_INFORMATION_FORMAT = dwarf;
				ENABLE_STRICT_OBJC_MSGSEND = YES;
				ENABLE_TESTABILITY = YES;
				GCC_C_LANGUAGE_STANDARD = gnu11;
				GCC_DYNAMIC_NO_PIC = NO;
				GCC_NO_COMMON_BLOCKS = YES;
				GCC_OPTIMIZATION_LEVEL = 0;
				GCC_PREPROCESSOR_DEFINITIONS = (
					"DEBUG=1",
					"$(inherited)",
				);
				GCC_WARN_64_TO_32_BIT_CONVERSION = YES;
				GCC_WARN_ABOUT_RETURN_TYPE = YES_ERROR;
				GCC_WARN_UNDECLARED_SELECTOR = YES;
				GCC_WARN_UNINITIALIZED_AUTOS = YES_AGGRESSIVE;
				GCC_WARN_UNUSED_FUNCTION = YES;
				GCC_WARN_UNUSED_VARIABLE = YES;
				IPHONEOS_DEPLOYMENT_TARGET = 13.2;
				MTL_ENABLE_DEBUG_INFO = INCLUDE_SOURCE;
				MTL_FAST_MATH = YES;
				ONLY_ACTIVE_ARCH = YES;
				SDKROOT = iphoneos;
				SWIFT_ACTIVE_COMPILATION_CONDITIONS = DEBUG;
				SWIFT_OPTIMIZATION_LEVEL = "-Onone";
			};
			name = Debug;
		};
		C8CCD8DC23FFD7C60061B3F3 /* Release */ = {
			isa = XCBuildConfiguration;
			buildSettings = {
				ALWAYS_SEARCH_USER_PATHS = NO;
				CLANG_ANALYZER_LOCALIZABILITY_NONLOCALIZED = YES;
				CLANG_ANALYZER_NONNULL = YES;
				CLANG_ANALYZER_NUMBER_OBJECT_CONVERSION = YES_AGGRESSIVE;
				CLANG_CXX_LANGUAGE_STANDARD = "gnu++14";
				CLANG_CXX_LIBRARY = "libc++";
				CLANG_ENABLE_MODULES = YES;
				CLANG_ENABLE_OBJC_ARC = YES;
				CLANG_ENABLE_OBJC_WEAK = YES;
				CLANG_WARN_BLOCK_CAPTURE_AUTORELEASING = YES;
				CLANG_WARN_BOOL_CONVERSION = YES;
				CLANG_WARN_COMMA = YES;
				CLANG_WARN_CONSTANT_CONVERSION = YES;
				CLANG_WARN_DEPRECATED_OBJC_IMPLEMENTATIONS = YES;
				CLANG_WARN_DIRECT_OBJC_ISA_USAGE = YES_ERROR;
				CLANG_WARN_DOCUMENTATION_COMMENTS = YES;
				CLANG_WARN_EMPTY_BODY = YES;
				CLANG_WARN_ENUM_CONVERSION = YES;
				CLANG_WARN_INFINITE_RECURSION = YES;
				CLANG_WARN_INT_CONVERSION = YES;
				CLANG_WARN_NON_LITERAL_NULL_CONVERSION = YES;
				CLANG_WARN_OBJC_IMPLICIT_RETAIN_SELF = YES;
				CLANG_WARN_OBJC_LITERAL_CONVERSION = YES;
				CLANG_WARN_OBJC_ROOT_CLASS = YES_ERROR;
				CLANG_WARN_RANGE_LOOP_ANALYSIS = YES;
				CLANG_WARN_STRICT_PROTOTYPES = YES;
				CLANG_WARN_SUSPICIOUS_MOVE = YES;
				CLANG_WARN_UNGUARDED_AVAILABILITY = YES_AGGRESSIVE;
				CLANG_WARN_UNREACHABLE_CODE = YES;
				CLANG_WARN__DUPLICATE_METHOD_MATCH = YES;
				COPY_PHASE_STRIP = NO;
				DEBUG_INFORMATION_FORMAT = "dwarf-with-dsym";
				ENABLE_NS_ASSERTIONS = NO;
				ENABLE_STRICT_OBJC_MSGSEND = YES;
				GCC_C_LANGUAGE_STANDARD = gnu11;
				GCC_NO_COMMON_BLOCKS = YES;
				GCC_WARN_64_TO_32_BIT_CONVERSION = YES;
				GCC_WARN_ABOUT_RETURN_TYPE = YES_ERROR;
				GCC_WARN_UNDECLARED_SELECTOR = YES;
				GCC_WARN_UNINITIALIZED_AUTOS = YES_AGGRESSIVE;
				GCC_WARN_UNUSED_FUNCTION = YES;
				GCC_WARN_UNUSED_VARIABLE = YES;
				IPHONEOS_DEPLOYMENT_TARGET = 13.2;
				MTL_ENABLE_DEBUG_INFO = NO;
				MTL_FAST_MATH = YES;
				SDKROOT = iphoneos;
				SWIFT_COMPILATION_MODE = wholemodule;
				SWIFT_OPTIMIZATION_LEVEL = "-O";
				VALIDATE_PRODUCT = YES;
			};
			name = Release;
		};
		C8CCD8DE23FFD7C60061B3F3 /* Debug */ = {
			isa = XCBuildConfiguration;
			buildSettings = {
				ASSETCATALOG_COMPILER_APPICON_NAME = AppIcon;
				CODE_SIGN_STYLE = Automatic;
				CURRENT_PROJECT_VERSION = 2;
				DEVELOPMENT_TEAM = S23K6FZZPL;
				INFOPLIST_FILE = FitCook/Info.plist;
				LD_RUNPATH_SEARCH_PATHS = (
					"$(inherited)",
					"@executable_path/Frameworks",
				);
				PRODUCT_BUNDLE_IDENTIFIER = ru.tuxracer.FitCook;
				PRODUCT_NAME = "$(TARGET_NAME)";
				SWIFT_ENABLE_BATCH_MODE = NO;
				SWIFT_VERSION = 5.0;
				TARGETED_DEVICE_FAMILY = 1;
			};
			name = Debug;
		};
		C8CCD8DF23FFD7C60061B3F3 /* Release */ = {
			isa = XCBuildConfiguration;
			buildSettings = {
				ASSETCATALOG_COMPILER_APPICON_NAME = AppIcon;
				CODE_SIGN_STYLE = Automatic;
				CURRENT_PROJECT_VERSION = 2;
				DEVELOPMENT_TEAM = S23K6FZZPL;
				INFOPLIST_FILE = FitCook/Info.plist;
				LD_RUNPATH_SEARCH_PATHS = (
					"$(inherited)",
					"@executable_path/Frameworks",
				);
				PRODUCT_BUNDLE_IDENTIFIER = ru.tuxracer.FitCook;
				PRODUCT_NAME = "$(TARGET_NAME)";
				SWIFT_ENABLE_BATCH_MODE = NO;
				SWIFT_VERSION = 5.0;
				TARGETED_DEVICE_FAMILY = 1;
			};
			name = Release;
		};
		C8D5AAA2244074D0009DBD58 /* Debug */ = {
			isa = XCBuildConfiguration;
			buildSettings = {
				BUNDLE_LOADER = "$(TEST_HOST)";
				CODE_SIGN_STYLE = Automatic;
				DEVELOPMENT_TEAM = S23K6FZZPL;
				INFOPLIST_FILE = FitCookTests/Info.plist;
				IPHONEOS_DEPLOYMENT_TARGET = 13.4;
				LD_RUNPATH_SEARCH_PATHS = (
					"$(inherited)",
					"@executable_path/Frameworks",
					"@loader_path/Frameworks",
				);
				PRODUCT_BUNDLE_IDENTIFIER = ru.tuxracer.FitCookTests;
				PRODUCT_NAME = "$(TARGET_NAME)";
				SWIFT_VERSION = 5.0;
				TARGETED_DEVICE_FAMILY = "1,2";
				TEST_HOST = "$(BUILT_PRODUCTS_DIR)/FitCook.app/FitCook";
			};
			name = Debug;
		};
		C8D5AAA3244074D0009DBD58 /* Release */ = {
			isa = XCBuildConfiguration;
			buildSettings = {
				BUNDLE_LOADER = "$(TEST_HOST)";
				CODE_SIGN_STYLE = Automatic;
				DEVELOPMENT_TEAM = S23K6FZZPL;
				INFOPLIST_FILE = FitCookTests/Info.plist;
				IPHONEOS_DEPLOYMENT_TARGET = 13.4;
				LD_RUNPATH_SEARCH_PATHS = (
					"$(inherited)",
					"@executable_path/Frameworks",
					"@loader_path/Frameworks",
				);
				PRODUCT_BUNDLE_IDENTIFIER = ru.tuxracer.FitCookTests;
				PRODUCT_NAME = "$(TARGET_NAME)";
				SWIFT_VERSION = 5.0;
				TARGETED_DEVICE_FAMILY = "1,2";
				TEST_HOST = "$(BUILT_PRODUCTS_DIR)/FitCook.app/FitCook";
			};
			name = Release;
		};
/* End XCBuildConfiguration section */

/* Begin XCConfigurationList section */
		C8CCD8C423FFD7C50061B3F3 /* Build configuration list for PBXProject "FitCook" */ = {
			isa = XCConfigurationList;
			buildConfigurations = (
				C8CCD8DB23FFD7C60061B3F3 /* Debug */,
				C8CCD8DC23FFD7C60061B3F3 /* Release */,
			);
			defaultConfigurationIsVisible = 0;
			defaultConfigurationName = Release;
		};
		C8CCD8DD23FFD7C60061B3F3 /* Build configuration list for PBXNativeTarget "FitCook" */ = {
			isa = XCConfigurationList;
			buildConfigurations = (
				C8CCD8DE23FFD7C60061B3F3 /* Debug */,
				C8CCD8DF23FFD7C60061B3F3 /* Release */,
			);
			defaultConfigurationIsVisible = 0;
			defaultConfigurationName = Release;
		};
		C8D5AAA4244074D0009DBD58 /* Build configuration list for PBXNativeTarget "FitCookTests" */ = {
			isa = XCConfigurationList;
			buildConfigurations = (
				C8D5AAA2244074D0009DBD58 /* Debug */,
				C8D5AAA3244074D0009DBD58 /* Release */,
			);
			defaultConfigurationIsVisible = 0;
			defaultConfigurationName = Release;
		};
/* End XCConfigurationList section */

/* Begin XCVersionGroup section */
		C856EEF8240E79C200EB3586 /* Model.xcdatamodeld */ = {
			isa = XCVersionGroup;
			children = (
				C856EEF9240E79C200EB3586 /* Model.xcdatamodel */,
			);
			currentVersion = C856EEF9240E79C200EB3586 /* Model.xcdatamodel */;
			path = Model.xcdatamodeld;
			sourceTree = "<group>";
			versionGroupType = wrapper.xcdatamodel;
		};
/* End XCVersionGroup section */
	};
	rootObject = C8CCD8C123FFD7C50061B3F3 /* Project object */;
}
