// !$*UTF8*$!
{
	archiveVersion = 1;
	classes = {
	};
	objectVersion = 50;
	objects = {

/* Begin PBXBuildFile section */
		C81F7969240E637400EC6024 /* GoogleService-Info.plist in Resources */ = {isa = PBXBuildFile; fileRef = C81F7968240E637400EC6024 /* GoogleService-Info.plist */; };
		C823BA37240E5C0200048111 /* IngredientDetailViewController.swift in Sources */ = {isa = PBXBuildFile; fileRef = C823BA36240E5C0200048111 /* IngredientDetailViewController.swift */; };
		C856EEFA240E79C200EB3586 /* Model.xcdatamodeld in Sources */ = {isa = PBXBuildFile; fileRef = C856EEF8240E79C200EB3586 /* Model.xcdatamodeld */; };
		C8C3A17B240E70170031F16A /* MealsViewController.swift in Sources */ = {isa = PBXBuildFile; fileRef = C8C3A17A240E70170031F16A /* MealsViewController.swift */; };
		C8CCD8CD23FFD7C50061B3F3 /* AppDelegate.swift in Sources */ = {isa = PBXBuildFile; fileRef = C8CCD8CC23FFD7C50061B3F3 /* AppDelegate.swift */; };
		C8CCD8CF23FFD7C50061B3F3 /* SceneDelegate.swift in Sources */ = {isa = PBXBuildFile; fileRef = C8CCD8CE23FFD7C50061B3F3 /* SceneDelegate.swift */; };
		C8CCD8D123FFD7C50061B3F3 /* IngredientsViewController.swift in Sources */ = {isa = PBXBuildFile; fileRef = C8CCD8D023FFD7C50061B3F3 /* IngredientsViewController.swift */; };
		C8CCD8D423FFD7C50061B3F3 /* Main.storyboard in Resources */ = {isa = PBXBuildFile; fileRef = C8CCD8D223FFD7C50061B3F3 /* Main.storyboard */; };
		C8CCD8D623FFD7C60061B3F3 /* Assets.xcassets in Resources */ = {isa = PBXBuildFile; fileRef = C8CCD8D523FFD7C60061B3F3 /* Assets.xcassets */; };
		C8CCD8D923FFD7C60061B3F3 /* LaunchScreen.storyboard in Resources */ = {isa = PBXBuildFile; fileRef = C8CCD8D723FFD7C60061B3F3 /* LaunchScreen.storyboard */; };
		C8CCD8E323FFFEAD0061B3F3 /* IngredientsListViewCell.swift in Sources */ = {isa = PBXBuildFile; fileRef = C8CCD8E223FFFEAD0061B3F3 /* IngredientsListViewCell.swift */; };
/* End PBXBuildFile section */

/* Begin PBXFileReference section */
		C81F7968240E637400EC6024 /* GoogleService-Info.plist */ = {isa = PBXFileReference; fileEncoding = 4; lastKnownFileType = text.plist.xml; path = "GoogleService-Info.plist"; sourceTree = "<group>"; };
		C823BA36240E5C0200048111 /* IngredientDetailViewController.swift */ = {isa = PBXFileReference; lastKnownFileType = sourcecode.swift; path = IngredientDetailViewController.swift; sourceTree = "<group>"; };
		C856EEF9240E79C200EB3586 /* Model.xcdatamodel */ = {isa = PBXFileReference; lastKnownFileType = wrapper.xcdatamodel; path = Model.xcdatamodel; sourceTree = "<group>"; };
		C8C3A17A240E70170031F16A /* MealsViewController.swift */ = {isa = PBXFileReference; lastKnownFileType = sourcecode.swift; path = MealsViewController.swift; sourceTree = "<group>"; };
		C8CCD8C923FFD7C50061B3F3 /* FitCook.app */ = {isa = PBXFileReference; explicitFileType = wrapper.application; includeInIndex = 0; path = FitCook.app; sourceTree = BUILT_PRODUCTS_DIR; };
		C8CCD8CC23FFD7C50061B3F3 /* AppDelegate.swift */ = {isa = PBXFileReference; lastKnownFileType = sourcecode.swift; path = AppDelegate.swift; sourceTree = "<group>"; };
		C8CCD8CE23FFD7C50061B3F3 /* SceneDelegate.swift */ = {isa = PBXFileReference; lastKnownFileType = sourcecode.swift; path = SceneDelegate.swift; sourceTree = "<group>"; };
		C8CCD8D023FFD7C50061B3F3 /* IngredientsViewController.swift */ = {isa = PBXFileReference; lastKnownFileType = sourcecode.swift; path = IngredientsViewController.swift; sourceTree = "<group>"; };
		C8CCD8D323FFD7C50061B3F3 /* Base */ = {isa = PBXFileReference; lastKnownFileType = file.storyboard; name = Base; path = Base.lproj/Main.storyboard; sourceTree = "<group>"; };
		C8CCD8D523FFD7C60061B3F3 /* Assets.xcassets */ = {isa = PBXFileReference; lastKnownFileType = folder.assetcatalog; path = Assets.xcassets; sourceTree = "<group>"; };
		C8CCD8D823FFD7C60061B3F3 /* Base */ = {isa = PBXFileReference; lastKnownFileType = file.storyboard; name = Base; path = Base.lproj/LaunchScreen.storyboard; sourceTree = "<group>"; };
		C8CCD8DA23FFD7C60061B3F3 /* Info.plist */ = {isa = PBXFileReference; lastKnownFileType = text.plist.xml; path = Info.plist; sourceTree = "<group>"; };
		C8CCD8E223FFFEAD0061B3F3 /* IngredientsListViewCell.swift */ = {isa = PBXFileReference; lastKnownFileType = sourcecode.swift; path = IngredientsListViewCell.swift; sourceTree = "<group>"; };
/* End PBXFileReference section */

/* Begin PBXFrameworksBuildPhase section */
		C8CCD8C623FFD7C50061B3F3 /* Frameworks */ = {
			isa = PBXFrameworksBuildPhase;
			buildActionMask = 2147483647;
			files = (
			);
			runOnlyForDeploymentPostprocessing = 0;
		};
/* End PBXFrameworksBuildPhase section */

/* Begin PBXGroup section */
		B6FD2EBF28AC90403E4D0043 /* Pods */ = {
			isa = PBXGroup;
			children = (
			);
			path = Pods;
			sourceTree = "<group>";
		};
		C823BA38240E5C1700048111 /* Controllers */ = {
			isa = PBXGroup;
			children = (
				C8CCD8E223FFFEAD0061B3F3 /* IngredientsListViewCell.swift */,
				C8CCD8D023FFD7C50061B3F3 /* IngredientsViewController.swift */,
				C8C3A17A240E70170031F16A /* MealsViewController.swift */,
				C823BA36240E5C0200048111 /* IngredientDetailViewController.swift */,
			);
			path = Controllers;
			sourceTree = "<group>";
		};
		C823BA39240E5C5000048111 /* Models */ = {
			isa = PBXGroup;
			children = (
				C856EEF8240E79C200EB3586 /* Model.xcdatamodeld */,
			);
			path = Models;
			sourceTree = "<group>";
		};
		C8C3A179240E6FDE0031F16A /* Views */ = {
			isa = PBXGroup;
			children = (
				C8CCD8D223FFD7C50061B3F3 /* Main.storyboard */,
				C8CCD8D723FFD7C60061B3F3 /* LaunchScreen.storyboard */,
			);
			path = Views;
			sourceTree = "<group>";
		};
		C8CCD8C023FFD7C50061B3F3 = {
			isa = PBXGroup;
			children = (
				C8CCD8CB23FFD7C50061B3F3 /* FitCook */,
				C8CCD8CA23FFD7C50061B3F3 /* Products */,
				B6FD2EBF28AC90403E4D0043 /* Pods */,
			);
			sourceTree = "<group>";
		};
		C8CCD8CA23FFD7C50061B3F3 /* Products */ = {
			isa = PBXGroup;
			children = (
				C8CCD8C923FFD7C50061B3F3 /* FitCook.app */,
			);
			name = Products;
			sourceTree = "<group>";
		};
		C8CCD8CB23FFD7C50061B3F3 /* FitCook */ = {
			isa = PBXGroup;
			children = (
				C8CCD8CC23FFD7C50061B3F3 /* AppDelegate.swift */,
				C8CCD8CE23FFD7C50061B3F3 /* SceneDelegate.swift */,
				C823BA38240E5C1700048111 /* Controllers */,
				C823BA39240E5C5000048111 /* Models */,
				C8C3A179240E6FDE0031F16A /* Views */,
				C8CCD8D523FFD7C60061B3F3 /* Assets.xcassets */,
				C8CCD8DA23FFD7C60061B3F3 /* Info.plist */,
				C81F7968240E637400EC6024 /* GoogleService-Info.plist */,
			);
			path = FitCook;
			sourceTree = "<group>";
		};
/* End PBXGroup section */

/* Begin PBXNativeTarget section */
		C8CCD8C823FFD7C50061B3F3 /* FitCook */ = {
			isa = PBXNativeTarget;
			buildConfigurationList = C8CCD8DD23FFD7C60061B3F3 /* Build configuration list for PBXNativeTarget "FitCook" */;
			buildPhases = (
				C8CCD8C523FFD7C50061B3F3 /* Sources */,
				C8CCD8C623FFD7C50061B3F3 /* Frameworks */,
				C8CCD8C723FFD7C50061B3F3 /* Resources */,
			);
			buildRules = (
			);
			dependencies = (
			);
			name = FitCook;
			productName = FitCook;
			productReference = C8CCD8C923FFD7C50061B3F3 /* FitCook.app */;
			productType = "com.apple.product-type.application";
		};
/* End PBXNativeTarget section */

/* Begin PBXProject section */
		C8CCD8C123FFD7C50061B3F3 /* Project object */ = {
			isa = PBXProject;
			attributes = {
				LastSwiftUpdateCheck = 1130;
				LastUpgradeCheck = 1130;
				ORGANIZATIONNAME = "Timur Dolotkazin";
				TargetAttributes = {
					C8CCD8C823FFD7C50061B3F3 = {
						CreatedOnToolsVersion = 11.3.1;
					};
				};
			};
			buildConfigurationList = C8CCD8C423FFD7C50061B3F3 /* Build configuration list for PBXProject "FitCook" */;
			compatibilityVersion = "Xcode 9.3";
			developmentRegion = en;
			hasScannedForEncodings = 0;
			knownRegions = (
				en,
				Base,
			);
			mainGroup = C8CCD8C023FFD7C50061B3F3;
			productRefGroup = C8CCD8CA23FFD7C50061B3F3 /* Products */;
			projectDirPath = "";
			projectRoot = "";
			targets = (
				C8CCD8C823FFD7C50061B3F3 /* FitCook */,
			);
		};
/* End PBXProject section */

/* Begin PBXResourcesBuildPhase section */
		C8CCD8C723FFD7C50061B3F3 /* Resources */ = {
			isa = PBXResourcesBuildPhase;
			buildActionMask = 2147483647;
			files = (
				C8CCD8D923FFD7C60061B3F3 /* LaunchScreen.storyboard in Resources */,
				C81F7969240E637400EC6024 /* GoogleService-Info.plist in Resources */,
				C8CCD8D623FFD7C60061B3F3 /* Assets.xcassets in Resources */,
				C8CCD8D423FFD7C50061B3F3 /* Main.storyboard in Resources */,
			);
			runOnlyForDeploymentPostprocessing = 0;
		};
/* End PBXResourcesBuildPhase section */

/* Begin PBXSourcesBuildPhase section */
		C8CCD8C523FFD7C50061B3F3 /* Sources */ = {
			isa = PBXSourcesBuildPhase;
			buildActionMask = 2147483647;
			files = (
				C8CCD8E323FFFEAD0061B3F3 /* IngredientsListViewCell.swift in Sources */,
				C823BA37240E5C0200048111 /* IngredientDetailViewController.swift in Sources */,
				C8CCD8D123FFD7C50061B3F3 /* IngredientsViewController.swift in Sources */,
				C856EEFA240E79C200EB3586 /* Model.xcdatamodeld in Sources */,
				C8C3A17B240E70170031F16A /* MealsViewController.swift in Sources */,
				C8CCD8CD23FFD7C50061B3F3 /* AppDelegate.swift in Sources */,
				C8CCD8CF23FFD7C50061B3F3 /* SceneDelegate.swift in Sources */,
			);
			runOnlyForDeploymentPostprocessing = 0;
		};
/* End PBXSourcesBuildPhase section */

/* Begin PBXVariantGroup section */
		C8CCD8D223FFD7C50061B3F3 /* Main.storyboard */ = {
			isa = PBXVariantGroup;
			children = (
				C8CCD8D323FFD7C50061B3F3 /* Base */,
			);
			name = Main.storyboard;
			sourceTree = "<group>";
		};
		C8CCD8D723FFD7C60061B3F3 /* LaunchScreen.storyboard */ = {
			isa = PBXVariantGroup;
			children = (
				C8CCD8D823FFD7C60061B3F3 /* Base */,
			);
			name = LaunchScreen.storyboard;
			sourceTree = "<group>";
		};
/* End PBXVariantGroup section */

/* Begin XCBuildConfiguration section */
		C8CCD8DB23FFD7C60061B3F3 /* Debug */ = {
			isa = XCBuildConfiguration;
			buildSettings = {
				ALWAYS_SEARCH_USER_PATHS = NO;
				CLANG_ANALYZER_NONNULL = YES;
				CLANG_ANALYZER_NUMBER_OBJECT_CONVERSION = YES_AGGRESSIVE;
				CLANG_CXX_LANGUAGE_STANDARD = "gnu++14";
				CLANG_CXX_LIBRARY = "libc++";
				CLANG_ENABLE_MODULES = YES;
				CLANG_ENABLE_OBJC_ARC = YES;
				CLANG_ENABLE_OBJC_WEAK = YES;
				CLANG_WARN_BLOCK_CAPTURE_AUTORELEASING = YES;
				CLANG_WARN_BOOL_CONVERSION = YES;
				CLANG_WARN_COMMA = YES;
				CLANG_WARN_CONSTANT_CONVERSION = YES;
				CLANG_WARN_DEPRECATED_OBJC_IMPLEMENTATIONS = YES;
				CLANG_WARN_DIRECT_OBJC_ISA_USAGE = YES_ERROR;
				CLANG_WARN_DOCUMENTATION_COMMENTS = YES;
				CLANG_WARN_EMPTY_BODY = YES;
				CLANG_WARN_ENUM_CONVERSION = YES;
				CLANG_WARN_INFINITE_RECURSION = YES;
				CLANG_WARN_INT_CONVERSION = YES;
				CLANG_WARN_NON_LITERAL_NULL_CONVERSION = YES;
				CLANG_WARN_OBJC_IMPLICIT_RETAIN_SELF = YES;
				CLANG_WARN_OBJC_LITERAL_CONVERSION = YES;
				CLANG_WARN_OBJC_ROOT_CLASS = YES_ERROR;
				CLANG_WARN_RANGE_LOOP_ANALYSIS = YES;
				CLANG_WARN_STRICT_PROTOTYPES = YES;
				CLANG_WARN_SUSPICIOUS_MOVE = YES;
				CLANG_WARN_UNGUARDED_AVAILABILITY = YES_AGGRESSIVE;
				CLANG_WARN_UNREACHABLE_CODE = YES;
				CLANG_WARN__DUPLICATE_METHOD_MATCH = YES;
				COPY_PHASE_STRIP = NO;
				DEBUG_INFORMATION_FORMAT = dwarf;
				ENABLE_STRICT_OBJC_MSGSEND = YES;
				ENABLE_TESTABILITY = YES;
				GCC_C_LANGUAGE_STANDARD = gnu11;
				GCC_DYNAMIC_NO_PIC = NO;
				GCC_NO_COMMON_BLOCKS = YES;
				GCC_OPTIMIZATION_LEVEL = 0;
				GCC_PREPROCESSOR_DEFINITIONS = (
					"DEBUG=1",
					"$(inherited)",
				);
				GCC_WARN_64_TO_32_BIT_CONVERSION = YES;
				GCC_WARN_ABOUT_RETURN_TYPE = YES_ERROR;
				GCC_WARN_UNDECLARED_SELECTOR = YES;
				GCC_WARN_UNINITIALIZED_AUTOS = YES_AGGRESSIVE;
				GCC_WARN_UNUSED_FUNCTION = YES;
				GCC_WARN_UNUSED_VARIABLE = YES;
				IPHONEOS_DEPLOYMENT_TARGET = 13.2;
				MTL_ENABLE_DEBUG_INFO = INCLUDE_SOURCE;
				MTL_FAST_MATH = YES;
				ONLY_ACTIVE_ARCH = YES;
				SDKROOT = iphoneos;
				SWIFT_ACTIVE_COMPILATION_CONDITIONS = DEBUG;
				SWIFT_OPTIMIZATION_LEVEL = "-Onone";
			};
			name = Debug;
		};
		C8CCD8DC23FFD7C60061B3F3 /* Release */ = {
			isa = XCBuildConfiguration;
			buildSettings = {
				ALWAYS_SEARCH_USER_PATHS = NO;
				CLANG_ANALYZER_NONNULL = YES;
				CLANG_ANALYZER_NUMBER_OBJECT_CONVERSION = YES_AGGRESSIVE;
				CLANG_CXX_LANGUAGE_STANDARD = "gnu++14";
				CLANG_CXX_LIBRARY = "libc++";
				CLANG_ENABLE_MODULES = YES;
				CLANG_ENABLE_OBJC_ARC = YES;
				CLANG_ENABLE_OBJC_WEAK = YES;
				CLANG_WARN_BLOCK_CAPTURE_AUTORELEASING = YES;
				CLANG_WARN_BOOL_CONVERSION = YES;
				CLANG_WARN_COMMA = YES;
				CLANG_WARN_CONSTANT_CONVERSION = YES;
				CLANG_WARN_DEPRECATED_OBJC_IMPLEMENTATIONS = YES;
				CLANG_WARN_DIRECT_OBJC_ISA_USAGE = YES_ERROR;
				CLANG_WARN_DOCUMENTATION_COMMENTS = YES;
				CLANG_WARN_EMPTY_BODY = YES;
				CLANG_WARN_ENUM_CONVERSION = YES;
				CLANG_WARN_INFINITE_RECURSION = YES;
				CLANG_WARN_INT_CONVERSION = YES;
				CLANG_WARN_NON_LITERAL_NULL_CONVERSION = YES;
				CLANG_WARN_OBJC_IMPLICIT_RETAIN_SELF = YES;
				CLANG_WARN_OBJC_LITERAL_CONVERSION = YES;
				CLANG_WARN_OBJC_ROOT_CLASS = YES_ERROR;
				CLANG_WARN_RANGE_LOOP_ANALYSIS = YES;
				CLANG_WARN_STRICT_PROTOTYPES = YES;
				CLANG_WARN_SUSPICIOUS_MOVE = YES;
				CLANG_WARN_UNGUARDED_AVAILABILITY = YES_AGGRESSIVE;
				CLANG_WARN_UNREACHABLE_CODE = YES;
				CLANG_WARN__DUPLICATE_METHOD_MATCH = YES;
				COPY_PHASE_STRIP = NO;
				DEBUG_INFORMATION_FORMAT = "dwarf-with-dsym";
				ENABLE_NS_ASSERTIONS = NO;
				ENABLE_STRICT_OBJC_MSGSEND = YES;
				GCC_C_LANGUAGE_STANDARD = gnu11;
				GCC_NO_COMMON_BLOCKS = YES;
				GCC_WARN_64_TO_32_BIT_CONVERSION = YES;
				GCC_WARN_ABOUT_RETURN_TYPE = YES_ERROR;
				GCC_WARN_UNDECLARED_SELECTOR = YES;
				GCC_WARN_UNINITIALIZED_AUTOS = YES_AGGRESSIVE;
				GCC_WARN_UNUSED_FUNCTION = YES;
				GCC_WARN_UNUSED_VARIABLE = YES;
				IPHONEOS_DEPLOYMENT_TARGET = 13.2;
				MTL_ENABLE_DEBUG_INFO = NO;
				MTL_FAST_MATH = YES;
				SDKROOT = iphoneos;
				SWIFT_COMPILATION_MODE = wholemodule;
				SWIFT_OPTIMIZATION_LEVEL = "-O";
				VALIDATE_PRODUCT = YES;
			};
			name = Release;
		};
		C8CCD8DE23FFD7C60061B3F3 /* Debug */ = {
			isa = XCBuildConfiguration;
			buildSettings = {
				ASSETCATALOG_COMPILER_APPICON_NAME = AppIcon;
				CODE_SIGN_STYLE = Automatic;
				DEVELOPMENT_TEAM = S23K6FZZPL;
				INFOPLIST_FILE = FitCook/Info.plist;
				LD_RUNPATH_SEARCH_PATHS = (
					"$(inherited)",
					"@executable_path/Frameworks",
				);
				PRODUCT_BUNDLE_IDENTIFIER = ru.tuxracer.FitCook;
				PRODUCT_NAME = "$(TARGET_NAME)";
				SWIFT_VERSION = 5.0;
				TARGETED_DEVICE_FAMILY = "1,2";
			};
			name = Debug;
		};
		C8CCD8DF23FFD7C60061B3F3 /* Release */ = {
			isa = XCBuildConfiguration;
			buildSettings = {
				ASSETCATALOG_COMPILER_APPICON_NAME = AppIcon;
				CODE_SIGN_STYLE = Automatic;
				DEVELOPMENT_TEAM = S23K6FZZPL;
				INFOPLIST_FILE = FitCook/Info.plist;
				LD_RUNPATH_SEARCH_PATHS = (
					"$(inherited)",
					"@executable_path/Frameworks",
				);
				PRODUCT_BUNDLE_IDENTIFIER = ru.tuxracer.FitCook;
				PRODUCT_NAME = "$(TARGET_NAME)";
				SWIFT_VERSION = 5.0;
				TARGETED_DEVICE_FAMILY = "1,2";
			};
			name = Release;
		};
/* End XCBuildConfiguration section */

/* Begin XCConfigurationList section */
		C8CCD8C423FFD7C50061B3F3 /* Build configuration list for PBXProject "FitCook" */ = {
			isa = XCConfigurationList;
			buildConfigurations = (
				C8CCD8DB23FFD7C60061B3F3 /* Debug */,
				C8CCD8DC23FFD7C60061B3F3 /* Release */,
			);
			defaultConfigurationIsVisible = 0;
			defaultConfigurationName = Release;
		};
		C8CCD8DD23FFD7C60061B3F3 /* Build configuration list for PBXNativeTarget "FitCook" */ = {
			isa = XCConfigurationList;
			buildConfigurations = (
				C8CCD8DE23FFD7C60061B3F3 /* Debug */,
				C8CCD8DF23FFD7C60061B3F3 /* Release */,
			);
			defaultConfigurationIsVisible = 0;
			defaultConfigurationName = Release;
		};
/* End XCConfigurationList section */

/* Begin XCVersionGroup section */
		C856EEF8240E79C200EB3586 /* Model.xcdatamodeld */ = {
			isa = XCVersionGroup;
			children = (
				C856EEF9240E79C200EB3586 /* Model.xcdatamodel */,
			);
			currentVersion = C856EEF9240E79C200EB3586 /* Model.xcdatamodel */;
			path = Model.xcdatamodeld;
			sourceTree = "<group>";
			versionGroupType = wrapper.xcdatamodel;
		};
/* End XCVersionGroup section */
	};
	rootObject = C8CCD8C123FFD7C50061B3F3 /* Project object */;
}
